
Microsoft Visual Studio Solution File, Format Version 12.00
# Visual Studio Version 17
VisualStudioVersion = 17.0.31903.59
MinimumVisualStudioVersion = 10.0.40219.1
Project("{2150E333-8FDC-42A3-9474-1A3956D46DE8}") = "src", "src", "{374531A3-47B3-41FA-B637-ECD05E670C2E}"
EndProject
Project("{FAE04EC0-301F-11D3-BF4B-00C04F79EFBC}") = "AuctionService", "src\AuctionService\AuctionService.csproj", "{7A05E3FA-EE0E-4A49-B15D-76DED284EDEF}"
EndProject
Project("{FAE04EC0-301F-11D3-BF4B-00C04F79EFBC}") = "SearchService", "src\SearchService\SearchService.csproj", "{DD56AECE-CD2A-4E55-8CE4-F322A6A69995}"
EndProject
Global
	GlobalSection(SolutionConfigurationPlatforms) = preSolution
		Debug|Any CPU = Debug|Any CPU
		Release|Any CPU = Release|Any CPU
	EndGlobalSection
	GlobalSection(SolutionProperties) = preSolution
		HideSolutionNode = FALSE
	EndGlobalSection
	GlobalSection(ProjectConfigurationPlatforms) = postSolution
		{7A05E3FA-EE0E-4A49-B15D-76DED284EDEF}.Debug|Any CPU.ActiveCfg = Debug|Any CPU
		{7A05E3FA-EE0E-4A49-B15D-76DED284EDEF}.Debug|Any CPU.Build.0 = Debug|Any CPU
		{7A05E3FA-EE0E-4A49-B15D-76DED284EDEF}.Release|Any CPU.ActiveCfg = Release|Any CPU
		{7A05E3FA-EE0E-4A49-B15D-76DED284EDEF}.Release|Any CPU.Build.0 = Release|Any CPU
		{DD56AECE-CD2A-4E55-8CE4-F322A6A69995}.Debug|Any CPU.ActiveCfg = Debug|Any CPU
		{DD56AECE-CD2A-4E55-8CE4-F322A6A69995}.Debug|Any CPU.Build.0 = Debug|Any CPU
		{DD56AECE-CD2A-4E55-8CE4-F322A6A69995}.Release|Any CPU.ActiveCfg = Release|Any CPU
		{DD56AECE-CD2A-4E55-8CE4-F322A6A69995}.Release|Any CPU.Build.0 = Release|Any CPU
	EndGlobalSection
	GlobalSection(NestedProjects) = preSolution
		{7A05E3FA-EE0E-4A49-B15D-76DED284EDEF} = {374531A3-47B3-41FA-B637-ECD05E670C2E}
		{DD56AECE-CD2A-4E55-8CE4-F322A6A69995} = {374531A3-47B3-41FA-B637-ECD05E670C2E}
	EndGlobalSection
EndGlobal
